{
  "originHash" : "8ef1b42336dcb9f43ad6766deb6df2376f2c0d69b54260e86b890353ae41c8ef",
  "pins" : [
    {
      "identity" : "rovia-core",
      "kind" : "remoteSourceControl",
      "location" : "https://github.com/RoviaNetwork/rovia-core",
      "state" : {
        "revision" : "c4dd0a3a8c0ccfdcdcb65c1a70f6891921bcd9e2",
        "version" : "0.2.3"
      }
    }
  ],
  "version" : 3
}
